
Microsoft Visual Studio Solution File, Format Version 12.00
# Visual Studio 15
VisualStudioVersion = 15.0.27421.1
MinimumVisualStudioVersion = 10.0.40219.1
Project("{FAE04EC0-301F-11D3-BF4B-00C04F79EFBC}") = "SystemService", "src\SystemService\SystemService.csproj", "{42E3AC8E-CF90-4ED8-837B-0E07D73F6C5A}"
EndProject
Global
	GlobalSection(SolutionConfigurationPlatforms) = preSolution
		Debug|Any CPU = Debug|Any CPU
		Release|Any CPU = Release|Any CPU
	EndGlobalSection
	GlobalSection(ProjectConfigurationPlatforms) = postSolution
		{42E3AC8E-CF90-4ED8-837B-0E07D73F6C5A}.Debug|Any CPU.ActiveCfg = Debug|Any CPU
		{42E3AC8E-CF90-4ED8-837B-0E07D73F6C5A}.Debug|Any CPU.Build.0 = Debug|Any CPU
		{42E3AC8E-CF90-4ED8-837B-0E07D73F6C5A}.Release|Any CPU.ActiveCfg = Release|Any CPU
		{42E3AC8E-CF90-4ED8-837B-0E07D73F6C5A}.Release|Any CPU.Build.0 = Release|Any CPU
	EndGlobalSection
	GlobalSection(SolutionProperties) = preSolution
		HideSolutionNode = FALSE
	EndGlobalSection
	GlobalSection(ExtensibilityGlobals) = postSolution
		SolutionGuid = {B039B9D7-B796-4E7A-8B0E-AAD9773EB784}
	EndGlobalSection
EndGlobal
